{
  "name": "RateMyTrade",
  "lockfileVersion": 3,
  "requires": true,
  "packages": {
    "": {
      "dependencies": {
        "json-serializer": "^2.0.12"
      }
    },
    "node_modules/json-serializer": {
      "version": "2.0.12",
      "resolved": "https://registry.npmjs.org/json-serializer/-/json-serializer-2.0.12.tgz",
      "integrity": "sha512-U3dGKXGso9utXMu57lCBSuay9/HayK+ZwHLWcxmZaFiGMxbugHvEVdcQbTUjwFAL1XCkDyQFo/FyzwXOFutrWQ=="
    }
  }
}
